lockfileVersion: '9.0'

settings:
  autoInstallPeers: true
  excludeLinksFromLockfile: false

importers:

  .:
    dependencies:
      yargs:
        specifier: ^18.0.0
        version: 18.0.0
    devDependencies:
      '@biomejs/biome':
        specifier: 2.2.4
        version: 2.2.4
      '@types/node':
        specifier: ^24.5.2
        version: 24.5.2
      '@types/yargs':
        specifier: ^17.0.33
        version: 17.0.33
      typescript:
        specifier: ^5.9.2
        version: 5.9.2

packages:

  '@biomejs/biome@2.2.4':
    resolution: {integrity: sha512-TBHU5bUy/Ok6m8c0y3pZiuO/BZoY/OcGxoLlrfQof5s8ISVwbVBdFINPQZyFfKwil8XibYWb7JMwnT8wT4WVPg==}
    engines: {node: '>=14.21.3'}
    hasBin: true

  '@biomejs/cli-darwin-arm64@2.2.4':
    resolution: {integrity: sha512-RJe2uiyaloN4hne4d2+qVj3d3gFJFbmrr5PYtkkjei1O9c+BjGXgpUPVbi8Pl8syumhzJjFsSIYkcLt2VlVLMA==}
    engines: {node: '>=14.21.3'}
    cpu: [arm64]
    os: [darwin]

  '@biomejs/cli-darwin-x64@2.2.4':
    resolution: {integrity: sha512-cFsdB4ePanVWfTnPVaUX+yr8qV8ifxjBKMkZwN7gKb20qXPxd/PmwqUH8mY5wnM9+U0QwM76CxFyBRJhC9tQwg==}
    engines: {node: '>=14.21.3'}
    cpu: [x64]
    os: [darwin]

  '@biomejs/cli-linux-arm64-musl@2.2.4':
    resolution: {integrity: sha512-7TNPkMQEWfjvJDaZRSkDCPT/2r5ESFPKx+TEev+I2BXDGIjfCZk2+b88FOhnJNHtksbOZv8ZWnxrA5gyTYhSsQ==}
    engines: {node: '>=14.21.3'}
    cpu: [arm64]
    os: [linux]

  '@biomejs/cli-linux-arm64@2.2.4':
    resolution: {integrity: sha512-M/Iz48p4NAzMXOuH+tsn5BvG/Jb07KOMTdSVwJpicmhN309BeEyRyQX+n1XDF0JVSlu28+hiTQ2L4rZPvu7nMw==}
    engines: {node: '>=14.21.3'}
    cpu: [arm64]
    os: [linux]

  '@biomejs/cli-linux-x64-musl@2.2.4':
    resolution: {integrity: sha512-m41nFDS0ksXK2gwXL6W6yZTYPMH0LughqbsxInSKetoH6morVj43szqKx79Iudkp8WRT5SxSh7qVb8KCUiewGg==}
    engines: {node: '>=14.21.3'}
    cpu: [x64]
    os: [linux]

  '@biomejs/cli-linux-x64@2.2.4':
    resolution: {integrity: sha512-orr3nnf2Dpb2ssl6aihQtvcKtLySLta4E2UcXdp7+RTa7mfJjBgIsbS0B9GC8gVu0hjOu021aU8b3/I1tn+pVQ==}
    engines: {node: '>=14.21.3'}
    cpu: [x64]
    os: [linux]

  '@biomejs/cli-win32-arm64@2.2.4':
    resolution: {integrity: sha512-NXnfTeKHDFUWfxAefa57DiGmu9VyKi0cDqFpdI+1hJWQjGJhJutHPX0b5m+eXvTKOaf+brU+P0JrQAZMb5yYaQ==}
    engines: {node: '>=14.21.3'}
    cpu: [arm64]
    os: [win32]

  '@biomejs/cli-win32-x64@2.2.4':
    resolution: {integrity: sha512-3Y4V4zVRarVh/B/eSHczR4LYoSVyv3Dfuvm3cWs5w/HScccS0+Wt/lHOcDTRYeHjQmMYVC3rIRWqyN2EI52+zg==}
    engines: {node: '>=14.21.3'}
    cpu: [x64]
    os: [win32]

  '@types/node@24.5.2':
    resolution: {integrity: sha512-FYxk1I7wPv3K2XBaoyH2cTnocQEu8AOZ60hPbsyukMPLv5/5qr7V1i8PLHdl6Zf87I+xZXFvPCXYjiTFq+YSDQ==}

  '@types/yargs-parser@21.0.3':
    resolution: {integrity: sha512-I4q9QU9MQv4oEOz4tAHJtNz1cwuLxn2F3xcc2iV5WdqLPpUnj30aUuxt1mAxYTG+oe8CZMV/+6rU4S4gRDzqtQ==}

  '@types/yargs@17.0.33':
    resolution: {integrity: sha512-WpxBCKWPLr4xSsHgz511rFJAM+wS28w2zEO1QDNY5zM/S8ok70NNfztH0xwhqKyaK0OHCbN98LDAZuy1ctxDkA==}

  ansi-regex@6.2.2:
    resolution: {integrity: sha512-Bq3SmSpyFHaWjPk8If9yc6svM8c56dB5BAtW4Qbw5jHTwwXXcTLoRMkpDJp6VL0XzlWaCHTXrkFURMYmD0sLqg==}
    engines: {node: '>=12'}

  ansi-styles@6.2.3:
    resolution: {integrity: sha512-4Dj6M28JB+oAH8kFkTLUo+a2jwOFkuqb3yucU0CANcRRUbxS0cP0nZYCGjcc3BNXwRIsUVmDGgzawme7zvJHvg==}
    engines: {node: '>=12'}

  cliui@9.0.1:
    resolution: {integrity: sha512-k7ndgKhwoQveBL+/1tqGJYNz097I7WOvwbmmU2AR5+magtbjPWQTS1C5vzGkBC8Ym8UWRzfKUzUUqFLypY4Q+w==}
    engines: {node: '>=20'}

  emoji-regex@10.5.0:
    resolution: {integrity: sha512-lb49vf1Xzfx080OKA0o6l8DQQpV+6Vg95zyCJX9VB/BqKYlhG7N4wgROUUHRA+ZPUefLnteQOad7z1kT2bV7bg==}

  escalade@3.2.0:
    resolution: {integrity: sha512-WUj2qlxaQtO4g6Pq5c29GTcWGDyd8itL8zTlipgECz3JesAiiOKotd8JU6otB3PACgG6xkJUyVhboMS+bje/jA==}
    engines: {node: '>=6'}

  get-caller-file@2.0.5:
    resolution: {integrity: sha512-DyFP3BM/3YHTQOCUL/w0OZHR0lpKeGrxotcHWcqNEdnltqFwXVfhEBQ94eIo34AfQpo0rGki4cyIiftY06h2Fg==}
    engines: {node: 6.* || 8.* || >= 10.*}

  get-east-asian-width@1.4.0:
    resolution: {integrity: sha512-QZjmEOC+IT1uk6Rx0sX22V6uHWVwbdbxf1faPqJ1QhLdGgsRGCZoyaQBm/piRdJy/D2um6hM1UP7ZEeQ4EkP+Q==}
    engines: {node: '>=18'}

  string-width@7.2.0:
    resolution: {integrity: sha512-tsaTIkKW9b4N+AEj+SVA+WhJzV7/zMhcSu78mLKWSk7cXMOSHsBKFWUs0fWwq8QyK3MgJBQRX6Gbi4kYbdvGkQ==}
    engines: {node: '>=18'}

  strip-ansi@7.1.2:
    resolution: {integrity: sha512-gmBGslpoQJtgnMAvOVqGZpEz9dyoKTCzy2nfz/n8aIFhN/jCE/rCmcxabB6jOOHV+0WNnylOxaxBQPSvcWklhA==}
    engines: {node: '>=12'}

  typescript@5.9.2:
    resolution: {integrity: sha512-CWBzXQrc/qOkhidw1OzBTQuYRbfyxDXJMVJ1XNwUHGROVmuaeiEm3OslpZ1RV96d7SKKjZKrSJu3+t/xlw3R9A==}
    engines: {node: '>=14.17'}
    hasBin: true

  undici-types@7.12.0:
    resolution: {integrity: sha512-goOacqME2GYyOZZfb5Lgtu+1IDmAlAEu5xnD3+xTzS10hT0vzpf0SPjkXwAw9Jm+4n/mQGDP3LO8CPbYROeBfQ==}

  wrap-ansi@9.0.2:
    resolution: {integrity: sha512-42AtmgqjV+X1VpdOfyTGOYRi0/zsoLqtXQckTmqTeybT+BDIbM/Guxo7x3pE2vtpr1ok6xRqM9OpBe+Jyoqyww==}
    engines: {node: '>=18'}

  y18n@5.0.8:
    resolution: {integrity: sha512-0pfFzegeDWJHJIAmTLRP2DwHjdF5s7jo9tuztdQxAhINCdvS+3nGINqPd00AphqJR/0LhANUS6/+7SCb98YOfA==}
    engines: {node: '>=10'}

  yargs-parser@22.0.0:
    resolution: {integrity: sha512-rwu/ClNdSMpkSrUb+d6BRsSkLUq1fmfsY6TOpYzTwvwkg1/NRG85KBy3kq++A8LKQwX6lsu+aWad+2khvuXrqw==}
    engines: {node: ^20.19.0 || ^22.12.0 || >=23}

  yargs@18.0.0:
    resolution: {integrity: sha512-4UEqdc2RYGHZc7Doyqkrqiln3p9X2DZVxaGbwhn2pi7MrRagKaOcIKe8L3OxYcbhXLgLFUS3zAYuQjKBQgmuNg==}
    engines: {node: ^20.19.0 || ^22.12.0 || >=23}

snapshots:

  '@biomejs/biome@2.2.4':
    optionalDependencies:
      '@biomejs/cli-darwin-arm64': 2.2.4
      '@biomejs/cli-darwin-x64': 2.2.4
      '@biomejs/cli-linux-arm64': 2.2.4
      '@biomejs/cli-linux-arm64-musl': 2.2.4
      '@biomejs/cli-linux-x64': 2.2.4
      '@biomejs/cli-linux-x64-musl': 2.2.4
      '@biomejs/cli-win32-arm64': 2.2.4
      '@biomejs/cli-win32-x64': 2.2.4

  '@biomejs/cli-darwin-arm64@2.2.4':
    optional: true

  '@biomejs/cli-darwin-x64@2.2.4':
    optional: true

  '@biomejs/cli-linux-arm64-musl@2.2.4':
    optional: true

  '@biomejs/cli-linux-arm64@2.2.4':
    optional: true

  '@biomejs/cli-linux-x64-musl@2.2.4':
    optional: true

  '@biomejs/cli-linux-x64@2.2.4':
    optional: true

  '@biomejs/cli-win32-arm64@2.2.4':
    optional: true

  '@biomejs/cli-win32-x64@2.2.4':
    optional: true

  '@types/node@24.5.2':
    dependencies:
      undici-types: 7.12.0

  '@types/yargs-parser@21.0.3': {}

  '@types/yargs@17.0.33':
    dependencies:
      '@types/yargs-parser': 21.0.3

  ansi-regex@6.2.2: {}

  ansi-styles@6.2.3: {}

  cliui@9.0.1:
    dependencies:
      string-width: 7.2.0
      strip-ansi: 7.1.2
      wrap-ansi: 9.0.2

  emoji-regex@10.5.0: {}

  escalade@3.2.0: {}

  get-caller-file@2.0.5: {}

  get-east-asian-width@1.4.0: {}

  string-width@7.2.0:
    dependencies:
      emoji-regex: 10.5.0
      get-east-asian-width: 1.4.0
      strip-ansi: 7.1.2

  strip-ansi@7.1.2:
    dependencies:
      ansi-regex: 6.2.2

  typescript@5.9.2: {}

  undici-types@7.12.0: {}

  wrap-ansi@9.0.2:
    dependencies:
      ansi-styles: 6.2.3
      string-width: 7.2.0
      strip-ansi: 7.1.2

  y18n@5.0.8: {}

  yargs-parser@22.0.0: {}

  yargs@18.0.0:
    dependencies:
      cliui: 9.0.1
      escalade: 3.2.0
      get-caller-file: 2.0.5
      string-width: 7.2.0
      y18n: 5.0.8
      yargs-parser: 22.0.0
